# THIS IS AN AUTOGENERATED FILE. DO NOT EDIT THIS FILE DIRECTLY.
# yarn lockfile v1


"@babel/helper-string-parser@^7.24.8":
  version "7.24.8"
  resolved "https://registry.yarnpkg.com/@babel/helper-string-parser/-/helper-string-parser-7.24.8.tgz#5b3329c9a58803d5df425e5785865881a81ca48d"
  integrity sha512-pO9KhhRcuUyGnJWwyEgnRJTSIZHiT+vMD0kPeD+so0l7mxkMT19g3pjY9GTnHySck/hDzq+dtW/4VgnMkippsQ==

"@babel/helper-validator-identifier@^7.24.7":
  version "7.24.7"
  resolved "https://registry.yarnpkg.com/@babel/helper-validator-identifier/-/helper-validator-identifier-7.24.7.tgz#75b889cfaf9e35c2aaf42cf0d72c8e91719251db"
  integrity sha512-rR+PBcQ1SMQDDyF6X0wxtG8QyLCgUB0eRAGguqRLfkCA87l7yAP7ehq8SNj96OOGTO8OBV70KhuFYcIkHXOg0w==

"@babel/parser@^7.25.3":
  version "7.25.6"
  resolved "https://registry.yarnpkg.com/@babel/parser/-/parser-7.25.6.tgz#85660c5ef388cbbf6e3d2a694ee97a38f18afe2f"
  integrity sha512-trGdfBdbD0l1ZPmcJ83eNxB9rbEax4ALFTF7fN386TMYbeCQbyme5cOEXQhbGXKebwGaB/J52w1mrklMcbgy6Q==
  dependencies:
    "@babel/types" "^7.25.6"

"@babel/types@^7.25.6":
  version "7.25.6"
  resolved "https://registry.yarnpkg.com/@babel/types/-/types-7.25.6.tgz#893942ddb858f32ae7a004ec9d3a76b3463ef8e6"
  integrity sha512-/l42B1qxpG6RdfYf343Uw1vmDjeNhneUXtzhojE7pDgfpEypmRhI6j1kr17XCVv4Cgl9HdAiQY2x0GwKm7rWCw==
  dependencies:
    "@babel/helper-string-parser" "^7.24.8"
    "@babel/helper-validator-identifier" "^7.24.7"
    to-fast-properties "^2.0.0"

"@esbuild/aix-ppc64@0.21.5":
  version "0.21.5"
  resolved "https://registry.yarnpkg.com/@esbuild/aix-ppc64/-/aix-ppc64-0.21.5.tgz#c7184a326533fcdf1b8ee0733e21c713b975575f"
  integrity sha512-1SDgH6ZSPTlggy1yI6+Dbkiz8xzpHJEVAlF/AM1tHPLsf5STom9rwtjE4hKAF20FfXXNTFqEYXyJNWh1GiZedQ==

"@esbuild/android-arm64@0.21.5":
  version "0.21.5"
  resolved "https://registry.yarnpkg.com/@esbuild/android-arm64/-/android-arm64-0.21.5.tgz#09d9b4357780da9ea3a7dfb833a1f1ff439b4052"
  integrity sha512-c0uX9VAUBQ7dTDCjq+wdyGLowMdtR/GoC2U5IYk/7D1H1JYC0qseD7+11iMP2mRLN9RcCMRcjC4YMclCzGwS/A==

"@esbuild/android-arm@0.21.5":
  version "0.21.5"
  resolved "https://registry.yarnpkg.com/@esbuild/android-arm/-/android-arm-0.21.5.tgz#9b04384fb771926dfa6d7ad04324ecb2ab9b2e28"
  integrity sha512-vCPvzSjpPHEi1siZdlvAlsPxXl7WbOVUBBAowWug4rJHb68Ox8KualB+1ocNvT5fjv6wpkX6o/iEpbDrf68zcg==

"@esbuild/android-x64@0.21.5":
  version "0.21.5"
  resolved "https://registry.yarnpkg.com/@esbuild/android-x64/-/android-x64-0.21.5.tgz#29918ec2db754cedcb6c1b04de8cd6547af6461e"
  integrity sha512-D7aPRUUNHRBwHxzxRvp856rjUHRFW1SdQATKXH2hqA0kAZb1hKmi02OpYRacl0TxIGz/ZmXWlbZgjwWYaCakTA==

"@esbuild/darwin-arm64@0.21.5":
  version "0.21.5"
  resolved "https://registry.yarnpkg.com/@esbuild/darwin-arm64/-/darwin-arm64-0.21.5.tgz#e495b539660e51690f3928af50a76fb0a6ccff2a"
  integrity sha512-DwqXqZyuk5AiWWf3UfLiRDJ5EDd49zg6O9wclZ7kUMv2WRFr4HKjXp/5t8JZ11QbQfUS6/cRCKGwYhtNAY88kQ==

"@esbuild/darwin-x64@0.21.5":
  version "0.21.5"
  resolved "https://registry.yarnpkg.com/@esbuild/darwin-x64/-/darwin-x64-0.21.5.tgz#c13838fa57372839abdddc91d71542ceea2e1e22"
  integrity sha512-se/JjF8NlmKVG4kNIuyWMV/22ZaerB+qaSi5MdrXtd6R08kvs2qCN4C09miupktDitvh8jRFflwGFBQcxZRjbw==

"@esbuild/freebsd-arm64@0.21.5":
  version "0.21.5"
  resolved "https://registry.yarnpkg.com/@esbuild/freebsd-arm64/-/freebsd-arm64-0.21.5.tgz#646b989aa20bf89fd071dd5dbfad69a3542e550e"
  integrity sha512-5JcRxxRDUJLX8JXp/wcBCy3pENnCgBR9bN6JsY4OmhfUtIHe3ZW0mawA7+RDAcMLrMIZaf03NlQiX9DGyB8h4g==

"@esbuild/freebsd-x64@0.21.5":
  version "0.21.5"
  resolved "https://registry.yarnpkg.com/@esbuild/freebsd-x64/-/freebsd-x64-0.21.5.tgz#aa615cfc80af954d3458906e38ca22c18cf5c261"
  integrity sha512-J95kNBj1zkbMXtHVH29bBriQygMXqoVQOQYA+ISs0/2l3T9/kj42ow2mpqerRBxDJnmkUDCaQT/dfNXWX/ZZCQ==

"@esbuild/linux-arm64@0.21.5":
  version "0.21.5"
  resolved "https://registry.yarnpkg.com/@esbuild/linux-arm64/-/linux-arm64-0.21.5.tgz#70ac6fa14f5cb7e1f7f887bcffb680ad09922b5b"
  integrity sha512-ibKvmyYzKsBeX8d8I7MH/TMfWDXBF3db4qM6sy+7re0YXya+K1cem3on9XgdT2EQGMu4hQyZhan7TeQ8XkGp4Q==

"@esbuild/linux-arm@0.21.5":
  version "0.21.5"
  resolved "https://registry.yarnpkg.com/@esbuild/linux-arm/-/linux-arm-0.21.5.tgz#fc6fd11a8aca56c1f6f3894f2bea0479f8f626b9"
  integrity sha512-bPb5AHZtbeNGjCKVZ9UGqGwo8EUu4cLq68E95A53KlxAPRmUyYv2D6F0uUI65XisGOL1hBP5mTronbgo+0bFcA==

"@esbuild/linux-ia32@0.21.5":
  version "0.21.5"
  resolved "https://registry.yarnpkg.com/@esbuild/linux-ia32/-/linux-ia32-0.21.5.tgz#3271f53b3f93e3d093d518d1649d6d68d346ede2"
  integrity sha512-YvjXDqLRqPDl2dvRODYmmhz4rPeVKYvppfGYKSNGdyZkA01046pLWyRKKI3ax8fbJoK5QbxblURkwK/MWY18Tg==

"@esbuild/linux-loong64@0.21.5":
  version "0.21.5"
  resolved "https://registry.yarnpkg.com/@esbuild/linux-loong64/-/linux-loong64-0.21.5.tgz#ed62e04238c57026aea831c5a130b73c0f9f26df"
  integrity sha512-uHf1BmMG8qEvzdrzAqg2SIG/02+4/DHB6a9Kbya0XDvwDEKCoC8ZRWI5JJvNdUjtciBGFQ5PuBlpEOXQj+JQSg==

"@esbuild/linux-mips64el@0.21.5":
  version "0.21.5"
  resolved "https://registry.yarnpkg.com/@esbuild/linux-mips64el/-/linux-mips64el-0.21.5.tgz#e79b8eb48bf3b106fadec1ac8240fb97b4e64cbe"
  integrity sha512-IajOmO+KJK23bj52dFSNCMsz1QP1DqM6cwLUv3W1QwyxkyIWecfafnI555fvSGqEKwjMXVLokcV5ygHW5b3Jbg==

"@esbuild/linux-ppc64@0.21.5":
  version "0.21.5"
  resolved "https://registry.yarnpkg.com/@esbuild/linux-ppc64/-/linux-ppc64-0.21.5.tgz#5f2203860a143b9919d383ef7573521fb154c3e4"
  integrity sha512-1hHV/Z4OEfMwpLO8rp7CvlhBDnjsC3CttJXIhBi+5Aj5r+MBvy4egg7wCbe//hSsT+RvDAG7s81tAvpL2XAE4w==

"@esbuild/linux-riscv64@0.21.5":
  version "0.21.5"
  resolved "https://registry.yarnpkg.com/@esbuild/linux-riscv64/-/linux-riscv64-0.21.5.tgz#07bcafd99322d5af62f618cb9e6a9b7f4bb825dc"
  integrity sha512-2HdXDMd9GMgTGrPWnJzP2ALSokE/0O5HhTUvWIbD3YdjME8JwvSCnNGBnTThKGEB91OZhzrJ4qIIxk/SBmyDDA==

"@esbuild/linux-s390x@0.21.5":
  version "0.21.5"
  resolved "https://registry.yarnpkg.com/@esbuild/linux-s390x/-/linux-s390x-0.21.5.tgz#b7ccf686751d6a3e44b8627ababc8be3ef62d8de"
  integrity sha512-zus5sxzqBJD3eXxwvjN1yQkRepANgxE9lgOW2qLnmr8ikMTphkjgXu1HR01K4FJg8h1kEEDAqDcZQtbrRnB41A==

"@esbuild/linux-x64@0.21.5":
  version "0.21.5"
  resolved "https://registry.yarnpkg.com/@esbuild/linux-x64/-/linux-x64-0.21.5.tgz#6d8f0c768e070e64309af8004bb94e68ab2bb3b0"
  integrity sha512-1rYdTpyv03iycF1+BhzrzQJCdOuAOtaqHTWJZCWvijKD2N5Xu0TtVC8/+1faWqcP9iBCWOmjmhoH94dH82BxPQ==

"@esbuild/netbsd-x64@0.21.5":
  version "0.21.5"
  resolved "https://registry.yarnpkg.com/@esbuild/netbsd-x64/-/netbsd-x64-0.21.5.tgz#bbe430f60d378ecb88decb219c602667387a6047"
  integrity sha512-Woi2MXzXjMULccIwMnLciyZH4nCIMpWQAs049KEeMvOcNADVxo0UBIQPfSmxB3CWKedngg7sWZdLvLczpe0tLg==

"@esbuild/openbsd-x64@0.21.5":
  version "0.21.5"
  resolved "https://registry.yarnpkg.com/@esbuild/openbsd-x64/-/openbsd-x64-0.21.5.tgz#99d1cf2937279560d2104821f5ccce220cb2af70"
  integrity sha512-HLNNw99xsvx12lFBUwoT8EVCsSvRNDVxNpjZ7bPn947b8gJPzeHWyNVhFsaerc0n3TsbOINvRP2byTZ5LKezow==

"@esbuild/sunos-x64@0.21.5":
  version "0.21.5"
  resolved "https://registry.yarnpkg.com/@esbuild/sunos-x64/-/sunos-x64-0.21.5.tgz#08741512c10d529566baba837b4fe052c8f3487b"
  integrity sha512-6+gjmFpfy0BHU5Tpptkuh8+uw3mnrvgs+dSPQXQOv3ekbordwnzTVEb4qnIvQcYXq6gzkyTnoZ9dZG+D4garKg==

"@esbuild/win32-arm64@0.21.5":
  version "0.21.5"
  resolved "https://registry.yarnpkg.com/@esbuild/win32-arm64/-/win32-arm64-0.21.5.tgz#675b7385398411240735016144ab2e99a60fc75d"
  integrity sha512-Z0gOTd75VvXqyq7nsl93zwahcTROgqvuAcYDUr+vOv8uHhNSKROyU961kgtCD1e95IqPKSQKH7tBTslnS3tA8A==

"@esbuild/win32-ia32@0.21.5":
  version "0.21.5"
  resolved "https://registry.yarnpkg.com/@esbuild/win32-ia32/-/win32-ia32-0.21.5.tgz#1bfc3ce98aa6ca9a0969e4d2af72144c59c1193b"
  integrity sha512-SWXFF1CL2RVNMaVs+BBClwtfZSvDgtL//G/smwAc5oVK/UPu2Gu9tIaRgFmYFFKrmg3SyAjSrElf0TiJ1v8fYA==

"@esbuild/win32-x64@0.21.5":
  version "0.21.5"
  resolved "https://registry.yarnpkg.com/@esbuild/win32-x64/-/win32-x64-0.21.5.tgz#acad351d582d157bb145535db2a6ff53dd514b5c"
  integrity sha512-tQd/1efJuzPC6rCFwEvLtci/xNFcTZknmXs98FYDfGE4wP9ClFV98nyKrzJKVPMhdDnjzLhdUyMX4PsQAPjwIw==

"@jridgewell/sourcemap-codec@^1.5.0":
  version "1.5.0"
  resolved "https://registry.yarnpkg.com/@jridgewell/sourcemap-codec/-/sourcemap-codec-1.5.0.tgz#3188bcb273a414b0d215fd22a58540b989b9409a"
  integrity sha512-gv3ZRaISU3fjPAgNsriBRqGWQL6quFx04YMPW/zD8XMLsU32mhCCbfbO6KZFLjvYpCZ8zyDEgqsgf+PwPaM7GQ==

"@microsoft/teams-js@^2.19.0":
  version "2.19.0"
  resolved "https://registry.yarnpkg.com/@microsoft/teams-js/-/teams-js-2.19.0.tgz#b9d971926469cc25ab9b850d10f95f36bd1d8f32"
  integrity sha1-udlxkmRpzCWrm4UNEPlfNr0djzI=
  dependencies:
    debug "^4.3.3"

"@rollup/rollup-android-arm-eabi@4.22.1":
  version "4.22.1"
  resolved "https://registry.yarnpkg.com/@rollup/rollup-android-arm-eabi/-/rollup-android-arm-eabi-4.22.1.tgz#8ee3eeb39485be9ca36e4b398051c5969d0eda46"
  integrity sha512-GrXxNVBes13Q3wSBjdZlmu4VulFhfNs1eP2/pX5dmx6cE1XgfV2/BfqdGt4d2Z7Zqp+qnYSf7zvIB4buc+2DwA==

"@rollup/rollup-android-arm64@4.22.1":
  version "4.22.1"
  resolved "https://registry.yarnpkg.com/@rollup/rollup-android-arm64/-/rollup-android-arm64-4.22.1.tgz#80bcf4a0d65c7c837a6c8196eee3c10052617e1b"
  integrity sha512-Cr/dpKRc4tjK13SCZJrSDXSaKjL/fekn04BWMCJ+Pj4vPCp8rixvtArrnWUYycOdRNi7kx3MSClcvEP7C2nvCw==

"@rollup/rollup-darwin-arm64@4.22.1":
  version "4.22.1"
  resolved "https://registry.yarnpkg.com/@rollup/rollup-darwin-arm64/-/rollup-darwin-arm64-4.22.1.tgz#2552cfad088ed76a5042f626001030929da23e13"
  integrity sha512-IwEyoeCZoO1lpY5Er5t3UK/Aq5q2W/ubLmu3pYW4as0htn4NbJagBaVNr1aVhRTXUxrYvcPhxQCqodShnocLdA==

"@rollup/rollup-darwin-x64@4.22.1":
  version "4.22.1"
  resolved "https://registry.yarnpkg.com/@rollup/rollup-darwin-x64/-/rollup-darwin-x64-4.22.1.tgz#1fb4690fd64460c5687b291011bf2d8871e69e5a"
  integrity sha512-LSbJhEOTz557VBcJOWspdGyiFbMTNgLxbWnup7bDj1elpNTK04E3M1qLlvGzPKPmk+uG6XlbT8xAUSKkyn0g8w==

"@rollup/rollup-linux-arm-gnueabihf@4.22.1":
  version "4.22.1"
  resolved "https://registry.yarnpkg.com/@rollup/rollup-linux-arm-gnueabihf/-/rollup-linux-arm-gnueabihf-4.22.1.tgz#fca0a3d65e14f78ec84af024efa8f65d65206acc"
  integrity sha512-F4DgRk//u604Np1eFoGUzE9TgGE6LMvjnX2tM24ePB34JlED9utc4T3iK5x8CWC/agH+zuN7q/hJF5AtWR+JOA==

"@rollup/rollup-linux-arm-musleabihf@4.22.1":
  version "4.22.1"
  resolved "https://registry.yarnpkg.com/@rollup/rollup-linux-arm-musleabihf/-/rollup-linux-arm-musleabihf-4.22.1.tgz#5819a22e4ea38686e77fee67db84939b54e22851"
  integrity sha512-Gl5pbijcb6QOJRvHkmU/O1G65ZnKxwSHhPQRuGdmcxmX/mBM+wNHoai7wvpCoPVsdhkc+KUqgu/MydP8wovGAA==

"@rollup/rollup-linux-arm64-gnu@4.22.1":
  version "4.22.1"
  resolved "https://registry.yarnpkg.com/@rollup/rollup-linux-arm64-gnu/-/rollup-linux-arm64-gnu-4.22.1.tgz#8320489fc9f93524691ef19f2103f303e3cf895c"
  integrity sha512-GsvZqPloVOrh3G2nmZmwNSNGqWLf3L3a0nFDO1zecwucAYxEFgZkrvqQrVMT+zUjChaHPBp0eoTOQMWSKFcV8w==

"@rollup/rollup-linux-arm64-musl@4.22.1":
  version "4.22.1"
  resolved "https://registry.yarnpkg.com/@rollup/rollup-linux-arm64-musl/-/rollup-linux-arm64-musl-4.22.1.tgz#4a6fb26503c1cba81388619ea20d87c4cd6473b0"
  integrity sha512-+vZ1jrJeEEYLbMqeKDfgcl8v7zjymdAGTr7xUdQL6c4nC+S+BZHo3Mrp/9ij2qpAveC0Iaz9DIiFplcO0joapQ==

"@rollup/rollup-linux-powerpc64le-gnu@4.22.1":
  version "4.22.1"
  resolved "https://registry.yarnpkg.com/@rollup/rollup-linux-powerpc64le-gnu/-/rollup-linux-powerpc64le-gnu-4.22.1.tgz#2f8f4eca06d54ad4f96a0bbbd1dc67913a31b0ae"
  integrity sha512-6psD9nKw+wLj9bMhArTkzKt5etA6kb+cBJQws4MovI9gQSRkdX4nyYZofBfgTtaZtymQl7uRfe1I75guePal5A==

"@rollup/rollup-linux-riscv64-gnu@4.22.1":
  version "4.22.1"
  resolved "https://registry.yarnpkg.com/@rollup/rollup-linux-riscv64-gnu/-/rollup-linux-riscv64-gnu-4.22.1.tgz#d3bea69308889c3f1af417dcc6f3c06f8d4ad5aa"
  integrity sha512-xzbqImk1h5abj0bPU5XQVrqBhLHl2zTygG6+vES2TrgmNSiaPzn39aqI8QtdqmGYz507ZVI2qocTTfVwW23SmQ==

"@rollup/rollup-linux-s390x-gnu@4.22.1":
  version "4.22.1"
  resolved "https://registry.yarnpkg.com/@rollup/rollup-linux-s390x-gnu/-/rollup-linux-s390x-gnu-4.22.1.tgz#e121262f56986a299db69f32f59177a60b92d595"
  integrity sha512-Hz5iwqYv08PpEC75z0GAgLlOY+cLAb0PVx578mLW0naugNfG0WQqoDzQoJWiivmtTdgmwoH5YXDnjZJb7MDlhA==

"@rollup/rollup-linux-x64-gnu@4.22.1":
  version "4.22.1"
  resolved "https://registry.yarnpkg.com/@rollup/rollup-linux-x64-gnu/-/rollup-linux-x64-gnu-4.22.1.tgz#a46f8e3bc77cd87b1aacb83cf52cd62a59135be8"
  integrity sha512-ot1DPlQZGGiZYNyE/PF3jbT6juuG0W5oiguHQEvjoZZ3+FSxMfdJnBz1P71QeqICSOlSFG9Z31oA/uXyuxDEVw==

"@rollup/rollup-linux-x64-musl@4.22.1":
  version "4.22.1"
  resolved "https://registry.yarnpkg.com/@rollup/rollup-linux-x64-musl/-/rollup-linux-x64-musl-4.22.1.tgz#2cee572374b9351f4ed17c543c009e295b158825"
  integrity sha512-euksHNkKlXS9RKKHSBBPtloSEUGPg1eRVGfOkXSSIj5W9LdkMfOefsTlVf2g8kuayZW/98nIJ83Fnou9OaZNXA==

"@rollup/rollup-win32-arm64-msvc@4.22.1":
  version "4.22.1"
  resolved "https://registry.yarnpkg.com/@rollup/rollup-win32-arm64-msvc/-/rollup-win32-arm64-msvc-4.22.1.tgz#df2283dabb7ebc54ef6bd2e0e5415d8dc04c5a8f"
  integrity sha512-jDS/ShZxlA3HKtgm25CcbApOVsr/0Zkdu/E+3xK4UO0PT912yqyh7jNpTmZZJAiPDQoSDI9FOqrjSbnlpW6IFg==

"@rollup/rollup-win32-ia32-msvc@4.22.1":
  version "4.22.1"
  resolved "https://registry.yarnpkg.com/@rollup/rollup-win32-ia32-msvc/-/rollup-win32-ia32-msvc-4.22.1.tgz#207b65d960ea06c86ef8f2bc554e4ed7c5c2d869"
  integrity sha512-yNEeuvH2b+susSgUCfpRelIRjB1CmErHyqA7KsQ/NCjY401rpChVqw5df/H5AUPCKNDqgBMbtrtl9F6z7N9LTg==

"@rollup/rollup-win32-x64-msvc@4.22.1":
  version "4.22.1"
  resolved "https://registry.yarnpkg.com/@rollup/rollup-win32-x64-msvc/-/rollup-win32-x64-msvc-4.22.1.tgz#63ae061c8d645de7f3ba0cef856c242281e44d0d"
  integrity sha512-UgdylcqjcgJSNMhrjMJpJ4T3zriTmiUd2COh1mJHwDShrhhMkpZ/j4M5e4GsvBFviaxtrJtufr0FnKfm2UfOSw==

"@types/dom-mediacapture-transform@^0.1.6":
  version "0.1.6"
  resolved "https://registry.yarnpkg.com/@types/dom-mediacapture-transform/-/dom-mediacapture-transform-0.1.6.tgz#26890dbfa4b3e5d81fba370e49f579892bcf89a3"
  integrity sha512-sl2o+PVeciAozjEmj6UOnxOB3n4qv9bs2mw7PFYWYxpUKTHRIpDvm8TTfsWoRI86byQXWjQKecckaGSx/ExDPA==
  dependencies:
    "@types/dom-webcodecs" "*"

"@types/dom-webcodecs@*":
  version "0.1.8"
  resolved "https://registry.yarnpkg.com/@types/dom-webcodecs/-/dom-webcodecs-0.1.8.tgz#1f48409f83120625a12b6692a271ff3f10d77b7b"
  integrity sha512-KThTPaGQJLITk8Q0XkEkz+GqFdoWDyQfbyeJmfEUagB15TZQdNx5AqP2b7GP6vkVM6X/6T1Z8EHxA8RgHfY9BA==

"@types/estree@1.0.5":
  version "1.0.5"
  resolved "https://registry.yarnpkg.com/@types/estree/-/estree-1.0.5.tgz#a6ce3e556e00fd9895dd872dd172ad0d4bd687f4"
  integrity sha512-/kYRxGDLWzHOB7q+wtSUQlFrtcdUccpfy+X+9iMBpHK8QLLhx2wIPYuS5DYtR9Wa/YlZAbIovy7qVdB1Aq6Lyw==

"@vitejs/plugin-vue@^5.1.4":
  version "5.1.4"
  resolved "https://registry.yarnpkg.com/@vitejs/plugin-vue/-/plugin-vue-5.1.4.tgz#72b8b705cfce36b00b59af196195146e356500c4"
  integrity sha512-N2XSI2n3sQqp5w7Y/AN/L2XDjBIRGqXko+eDp42sydYSBeJuSm5a1sLf8zakmo8u7tA8NmBgoDLA1HeOESjp9A==

"@vue/compiler-core@3.5.6":
  version "3.5.6"
  resolved "https://registry.yarnpkg.com/@vue/compiler-core/-/compiler-core-3.5.6.tgz#4a771c738fe745b61b963c41077af1405200db33"
  integrity sha512-r+gNu6K4lrvaQLQGmf+1gc41p3FO2OUJyWmNqaIITaJU6YFiV5PtQSFZt8jfztYyARwqhoCayjprC7KMvT3nRA==
  dependencies:
    "@babel/parser" "^7.25.3"
    "@vue/shared" "3.5.6"
    entities "^4.5.0"
    estree-walker "^2.0.2"
    source-map-js "^1.2.0"

"@vue/compiler-dom@3.5.6":
  version "3.5.6"
  resolved "https://registry.yarnpkg.com/@vue/compiler-dom/-/compiler-dom-3.5.6.tgz#0942c290d3a52eb396243850ec73005f669c210d"
  integrity sha512-xRXqxDrIqK8v8sSScpistyYH0qYqxakpsIvqMD2e5sV/PXQ1mTwtXp4k42yHK06KXxKSmitop9e45Ui/3BrTEw==
  dependencies:
    "@vue/compiler-core" "3.5.6"
    "@vue/shared" "3.5.6"

"@vue/compiler-sfc@3.5.6":
  version "3.5.6"
  resolved "https://registry.yarnpkg.com/@vue/compiler-sfc/-/compiler-sfc-3.5.6.tgz#7f730002a18c7be7962741de6a40491eb59e4ad6"
  integrity sha512-pjWJ8Kj9TDHlbF5LywjVso+BIxCY5wVOLhkEXRhuCHDxPFIeX1zaFefKs8RYoHvkSMqRWt93a0f2gNJVJixHwg==
  dependencies:
    "@babel/parser" "^7.25.3"
    "@vue/compiler-core" "3.5.6"
    "@vue/compiler-dom" "3.5.6"
    "@vue/compiler-ssr" "3.5.6"
    "@vue/shared" "3.5.6"
    estree-walker "^2.0.2"
    magic-string "^0.30.11"
    postcss "^8.4.47"
    source-map-js "^1.2.0"

"@vue/compiler-ssr@3.5.6":
  version "3.5.6"
  resolved "https://registry.yarnpkg.com/@vue/compiler-ssr/-/compiler-ssr-3.5.6.tgz#011eb621ec27c51fea50297d872b0282e6c49133"
  integrity sha512-VpWbaZrEOCqnmqjE83xdwegtr5qO/2OPUC6veWgvNqTJ3bYysz6vY3VqMuOijubuUYPRpG3OOKIh9TD0Stxb9A==
  dependencies:
    "@vue/compiler-dom" "3.5.6"
    "@vue/shared" "3.5.6"

"@vue/reactivity@3.5.6":
  version "3.5.6"
  resolved "https://registry.yarnpkg.com/@vue/reactivity/-/reactivity-3.5.6.tgz#d26fea799db554e7c1c3469be3577e0b8fd6deb6"
  integrity sha512-shZ+KtBoHna5GyUxWfoFVBCVd7k56m6lGhk5e+J9AKjheHF6yob5eukssHRI+rzvHBiU1sWs/1ZhNbLExc5oYQ==
  dependencies:
    "@vue/shared" "3.5.6"

"@vue/runtime-core@3.5.6":
  version "3.5.6"
  resolved "https://registry.yarnpkg.com/@vue/runtime-core/-/runtime-core-3.5.6.tgz#bbf8c722d5dbf55c77841d3d76ed630a4a5a573d"
  integrity sha512-FpFULR6+c2lI+m1fIGONLDqPQO34jxV8g6A4wBOgne8eSRHP6PQL27+kWFIx5wNhhjkO7B4rgtsHAmWv7qKvbg==
  dependencies:
    "@vue/reactivity" "3.5.6"
    "@vue/shared" "3.5.6"

"@vue/runtime-dom@3.5.6":
  version "3.5.6"
  resolved "https://registry.yarnpkg.com/@vue/runtime-dom/-/runtime-dom-3.5.6.tgz#17c190bee838cd7b4f0531dafea1accb3ba6da14"
  integrity sha512-SDPseWre45G38ENH2zXRAHL1dw/rr5qp91lS4lt/nHvMr0MhsbCbihGAWLXNB/6VfFOJe2O+RBRkXU+CJF7/sw==
  dependencies:
    "@vue/reactivity" "3.5.6"
    "@vue/runtime-core" "3.5.6"
    "@vue/shared" "3.5.6"
    csstype "^3.1.3"

"@vue/server-renderer@3.5.6":
  version "3.5.6"
  resolved "https://registry.yarnpkg.com/@vue/server-renderer/-/server-renderer-3.5.6.tgz#f029aecb740c3ff6ad63dd10736875161d22dbb9"
  integrity sha512-zivnxQnOnwEXVaT9CstJ64rZFXMS5ZkKxCjDQKiMSvUhXRzFLWZVbaBiNF4HGDqGNNsTgmjcCSmU6TB/0OOxLA==
  dependencies:
    "@vue/compiler-ssr" "3.5.6"
    "@vue/shared" "3.5.6"

"@vue/shared@3.5.6":
  version "3.5.6"
  resolved "https://registry.yarnpkg.com/@vue/shared/-/shared-3.5.6.tgz#602b3c2dccfe612f9e2e52e861dd7db340961a4f"
  integrity sha512-eidH0HInnL39z6wAt6SFIwBrvGOpDWsDxlw3rCgo1B+CQ1781WzQUSU3YjxgdkcJo9Q8S6LmXTkvI+cLHGkQfA==

base64-arraybuffer@^1.0.2:
  version "1.0.2"
  resolved "https://registry.yarnpkg.com/base64-arraybuffer/-/base64-arraybuffer-1.0.2.tgz#1c37589a7c4b0746e34bd1feb951da2df01c1bdc"
  integrity sha512-I3yl4r9QB5ZRY3XuJVEPfc2XhZO6YweFPI+UovAzn+8/hb3oJ6lnysaFcjVpkCPfVWFUDvoZ8kmVDP7WyRtYtQ==

css-line-break@^2.1.0:
  version "2.1.0"
  resolved "https://registry.yarnpkg.com/css-line-break/-/css-line-break-2.1.0.tgz#bfef660dfa6f5397ea54116bb3cb4873edbc4fa0"
  integrity sha512-FHcKFCZcAha3LwfVBhCQbW2nCNbkZXn7KVUJcsT5/P8YmfsVja0FMPJr0B903j/E69HUphKiV9iQArX8SDYA4w==
  dependencies:
    utrie "^1.0.2"

csstype@^3.1.3:
  version "3.1.3"
  resolved "https://registry.yarnpkg.com/csstype/-/csstype-3.1.3.tgz#d80ff294d114fb0e6ac500fbf85b60137d7eff81"
  integrity sha512-M1uQkMl8rQK/szD0LNhtqxIPLpimGm8sOBwU7lLnCpSbTyY3yeU1Vc7l4KT5zT4s/yOxHH5O7tIuuLOCnLADRw==

debug@^4.3.3:
  version "4.3.4"
  resolved "https://registry.yarnpkg.com/debug/-/debug-4.3.4.tgz#1319f6579357f2338d3337d2cdd4914bb5dcc865"
  integrity sha1-Exn2V5NX8jONMzfSzdSRS7XcyGU=
  dependencies:
    ms "2.1.2"

entities@^4.5.0:
  version "4.5.0"
  resolved "https://registry.yarnpkg.com/entities/-/entities-4.5.0.tgz#5d268ea5e7113ec74c4d033b79ea5a35a488fb48"
  integrity sha512-V0hjH4dGPh9Ao5p0MoRY6BVqtwCjhz6vI5LT8AJ55H+4g9/4vbHx1I54fS0XuclLhDHArPQCiMjDxjaL8fPxhw==

esbuild@^0.21.3:
  version "0.21.5"
  resolved "https://registry.yarnpkg.com/esbuild/-/esbuild-0.21.5.tgz#9ca301b120922959b766360d8ac830da0d02997d"
  integrity sha512-mg3OPMV4hXywwpoDxu3Qda5xCKQi+vCTZq8S9J/EpkhB2HzKXq4SNFZE3+NK93JYxc8VMSep+lOUSC/RVKaBqw==
  optionalDependencies:
    "@esbuild/aix-ppc64" "0.21.5"
    "@esbuild/android-arm" "0.21.5"
    "@esbuild/android-arm64" "0.21.5"
    "@esbuild/android-x64" "0.21.5"
    "@esbuild/darwin-arm64" "0.21.5"
    "@esbuild/darwin-x64" "0.21.5"
    "@esbuild/freebsd-arm64" "0.21.5"
    "@esbuild/freebsd-x64" "0.21.5"
    "@esbuild/linux-arm" "0.21.5"
    "@esbuild/linux-arm64" "0.21.5"
    "@esbuild/linux-ia32" "0.21.5"
    "@esbuild/linux-loong64" "0.21.5"
    "@esbuild/linux-mips64el" "0.21.5"
    "@esbuild/linux-ppc64" "0.21.5"
    "@esbuild/linux-riscv64" "0.21.5"
    "@esbuild/linux-s390x" "0.21.5"
    "@esbuild/linux-x64" "0.21.5"
    "@esbuild/netbsd-x64" "0.21.5"
    "@esbuild/openbsd-x64" "0.21.5"
    "@esbuild/sunos-x64" "0.21.5"
    "@esbuild/win32-arm64" "0.21.5"
    "@esbuild/win32-ia32" "0.21.5"
    "@esbuild/win32-x64" "0.21.5"

estree-walker@^2.0.2:
  version "2.0.2"
  resolved "https://registry.yarnpkg.com/estree-walker/-/estree-walker-2.0.2.tgz#52f010178c2a4c117a7757cfe942adb7d2da4cac"
  integrity sha512-Rfkk/Mp/DL7JVje3u18FxFujQlTNR2q6QfMSMB7AvCBx91NGj/ba3kCfza0f6dVDbw7YlRf/nDrn7pQrCCyQ/w==

fsevents@~2.3.2:
  version "2.3.2"
  resolved "https://registry.yarnpkg.com/fsevents/-/fsevents-2.3.2.tgz#8a526f78b8fdf4623b709e0b975c52c24c02fd1a"
  integrity sha512-xiqMQR4xAeHTuB9uWm+fFRcIOgKBMiOBP+eXiyT7jsgVCq1bkVygt00oASowB7EdtpOHaaPgKt812P9ab+DDKA==

fsevents@~2.3.3:
  version "2.3.3"
  resolved "https://registry.yarnpkg.com/fsevents/-/fsevents-2.3.3.tgz#cac6407785d03675a2a5e1a5305c697b347d90d6"
  integrity sha512-5xoDfX+fL7faATnagmWPpbFtwh/R77WmMMqqHGS65C3vvB0YHrgF+B1YmZ3441tMj5n63k0212XNoJwzlhffQw==

html2canvas@^1.4.1:
  version "1.4.1"
  resolved "https://registry.yarnpkg.com/html2canvas/-/html2canvas-1.4.1.tgz#7cef1888311b5011d507794a066041b14669a543"
  integrity sha512-fPU6BHNpsyIhr8yyMpTLLxAbkaK8ArIBcmZIRiBLiDhjeqvXolaEmDGmELFuX9I4xDcaKKcJl+TKZLqruBbmWA==
  dependencies:
    css-line-break "^2.1.0"
    text-segmentation "^1.0.3"

magic-string@^0.30.11:
  version "0.30.11"
  resolved "https://registry.yarnpkg.com/magic-string/-/magic-string-0.30.11.tgz#301a6f93b3e8c2cb13ac1a7a673492c0dfd12954"
  integrity sha512-+Wri9p0QHMy+545hKww7YAu5NyzF8iomPL/RQazugQ9+Ez4Ic3mERMd8ZTX5rfK944j+560ZJi8iAwgak1Ac7A==
  dependencies:
    "@jridgewell/sourcemap-codec" "^1.5.0"

ms@2.1.2:
  version "2.1.2"
  resolved "https://registry.yarnpkg.com/ms/-/ms-2.1.2.tgz#d09d1f357b443f493382a8eb3ccd183872ae6009"
  integrity sha1-0J0fNXtEP0kzgqjrPM0YOHKuYAk=

nanoid@^3.3.7:
  version "3.3.7"
  resolved "https://registry.yarnpkg.com/nanoid/-/nanoid-3.3.7.tgz#d0c301a691bc8d54efa0a2226ccf3fe2fd656bd8"
  integrity sha512-eSRppjcPIatRIMC1U6UngP8XFcz8MQWGQdt1MTBQ7NaAmvXDfvNxbvWV3x2y6CdEUciCSsDHDQZbhYaB8QEo2g==

picocolors@^1.1.0:
  version "1.1.0"
  resolved "https://registry.yarnpkg.com/picocolors/-/picocolors-1.1.0.tgz#5358b76a78cde483ba5cef6a9dc9671440b27d59"
  integrity sha512-TQ92mBOW0l3LeMeyLV6mzy/kWr8lkd/hp3mTg7wYK7zJhuBStmGMBG0BdeDZS/dZx1IukaX6Bk11zcln25o1Aw==

postcss@^8.4.43, postcss@^8.4.47:
  version "8.4.47"
  resolved "https://registry.yarnpkg.com/postcss/-/postcss-8.4.47.tgz#5bf6c9a010f3e724c503bf03ef7947dcb0fea365"
  integrity sha512-56rxCq7G/XfB4EkXq9Egn5GCqugWvDFjafDOThIdMBsI15iqPqR5r15TfSr1YPYeEI19YeaXMCbY6u88Y76GLQ==
  dependencies:
    nanoid "^3.3.7"
    picocolors "^1.1.0"
    source-map-js "^1.2.1"

rollup@^4.20.0:
  version "4.22.1"
  resolved "https://registry.yarnpkg.com/rollup/-/rollup-4.22.1.tgz#ba2f0b969d4bdd69eeb709c72dae9270355c206e"
  integrity sha512-rit4zY5uPX0jrzTidez3rFr0MD30Rpu3S8VxwXFDfBVAzkk9U28s5MF3/R6u5bIHN6CQnf7zbiwVQbqBkyrU/A==
  dependencies:
    "@types/estree" "1.0.5"
  optionalDependencies:
    "@rollup/rollup-android-arm-eabi" "4.22.1"
    "@rollup/rollup-android-arm64" "4.22.1"
    "@rollup/rollup-darwin-arm64" "4.22.1"
    "@rollup/rollup-darwin-x64" "4.22.1"
    "@rollup/rollup-linux-arm-gnueabihf" "4.22.1"
    "@rollup/rollup-linux-arm-musleabihf" "4.22.1"
    "@rollup/rollup-linux-arm64-gnu" "4.22.1"
    "@rollup/rollup-linux-arm64-musl" "4.22.1"
    "@rollup/rollup-linux-powerpc64le-gnu" "4.22.1"
    "@rollup/rollup-linux-riscv64-gnu" "4.22.1"
    "@rollup/rollup-linux-s390x-gnu" "4.22.1"
    "@rollup/rollup-linux-x64-gnu" "4.22.1"
    "@rollup/rollup-linux-x64-musl" "4.22.1"
    "@rollup/rollup-win32-arm64-msvc" "4.22.1"
    "@rollup/rollup-win32-ia32-msvc" "4.22.1"
    "@rollup/rollup-win32-x64-msvc" "4.22.1"
    fsevents "~2.3.2"

source-map-js@^1.2.0, source-map-js@^1.2.1:
  version "1.2.1"
  resolved "https://registry.yarnpkg.com/source-map-js/-/source-map-js-1.2.1.tgz#1ce5650fddd87abc099eda37dcff024c2667ae46"
  integrity sha512-UXWMKhLOwVKb728IUtQPXxfYU+usdybtUrK/8uGE8CQMvrhOpwvzDBwj0QhSL7MQc7vIsISBG8VQ8+IDQxpfQA==

text-segmentation@^1.0.3:
  version "1.0.3"
  resolved "https://registry.yarnpkg.com/text-segmentation/-/text-segmentation-1.0.3.tgz#52a388159efffe746b24a63ba311b6ac9f2d7943"
  integrity sha512-iOiPUo/BGnZ6+54OsWxZidGCsdU8YbE4PSpdPinp7DeMtUJNJBoJ/ouUSTJjHkh1KntHaltHl/gDs2FC4i5+Nw==
  dependencies:
    utrie "^1.0.2"

to-fast-properties@^2.0.0:
  version "2.0.0"
  resolved "https://registry.yarnpkg.com/to-fast-properties/-/to-fast-properties-2.0.0.tgz#dc5e698cbd079265bc73e0377681a4e4e83f616e"
  integrity sha512-/OaKK0xYrs3DmxRYqL/yDc+FxFUVYhDlXMhRmv3z915w2HF1tnN1omB354j8VUGO/hbRzyD6Y3sA7v7GS/ceog==

typescript@^5.0.2:
  version "5.1.6"
  resolved "https://registry.yarnpkg.com/typescript/-/typescript-5.1.6.tgz#02f8ac202b6dad2c0dd5e0913745b47a37998274"
  integrity sha512-zaWCozRZ6DLEWAWFrVDz1H6FVXzUSfTy5FUMWsQlU8Ym5JP9eO4xkTIROFCQvhQf61z6O/G6ugw3SgAnvvm+HA==

utrie@^1.0.2:
  version "1.0.2"
  resolved "https://registry.yarnpkg.com/utrie/-/utrie-1.0.2.tgz#d42fe44de9bc0119c25de7f564a6ed1b2c87a645"
  integrity sha512-1MLa5ouZiOmQzUbjbu9VmjLzn1QLXBhwpUa7kdLUQK+KQ5KA9I1vk5U4YHe/X2Ch7PYnJfWuWT+VbuxbGwljhw==
  dependencies:
    base64-arraybuffer "^1.0.2"

vite@^5.0.0:
  version "5.4.6"
  resolved "https://registry.yarnpkg.com/vite/-/vite-5.4.6.tgz#85a93a1228a7fb5a723ca1743e337a2588ed008f"
  integrity sha512-IeL5f8OO5nylsgzd9tq4qD2QqI0k2CQLGrWD0rCN0EQJZpBK5vJAx0I+GDkMOXxQX/OfFHMuLIx6ddAxGX/k+Q==
  dependencies:
    esbuild "^0.21.3"
    postcss "^8.4.43"
    rollup "^4.20.0"
  optionalDependencies:
    fsevents "~2.3.3"

vue@^3.5.6:
  version "3.5.6"
  resolved "https://registry.yarnpkg.com/vue/-/vue-3.5.6.tgz#025b1d411627883577457797eff93e85e61ef9c1"
  integrity sha512-zv+20E2VIYbcJOzJPUWp03NOGFhMmpCKOfSxVTmCYyYFFko48H9tmuQFzYj7tu4qX1AeXlp9DmhIP89/sSxxhw==
  dependencies:
    "@vue/compiler-dom" "3.5.6"
    "@vue/compiler-sfc" "3.5.6"
    "@vue/runtime-dom" "3.5.6"
    "@vue/server-renderer" "3.5.6"
    "@vue/shared" "3.5.6"
